// !$*UTF8*$!
{
	archiveVersion = 1;
	classes = {
	};
	objectVersion = 50;
	objects = {

/* Begin PBXBuildFile section */
		3B54A91D2280FDF1005F72B1 /* AppDetailController.swift in Sources */ = {isa = PBXBuildFile; fileRef = 3B54A91C2280FDF1005F72B1 /* AppDetailController.swift */; };
		3B54A92022810431005F72B1 /* AppDetailCell.swift in Sources */ = {isa = PBXBuildFile; fileRef = 3B54A91F22810431005F72B1 /* AppDetailCell.swift */; };
		3B54A9222284F451005F72B1 /* PreviewCell.swift in Sources */ = {isa = PBXBuildFile; fileRef = 3B54A9212284F451005F72B1 /* PreviewCell.swift */; };
		3B54A9242284F728005F72B1 /* PreviewScreenshotsController.swift in Sources */ = {isa = PBXBuildFile; fileRef = 3B54A9232284F728005F72B1 /* PreviewScreenshotsController.swift */; };
		3B54A92622864E6A005F72B1 /* ReviewRowCell.swift in Sources */ = {isa = PBXBuildFile; fileRef = 3B54A92522864E6A005F72B1 /* ReviewRowCell.swift */; };
		3B54A928228651ED005F72B1 /* ReviewsController.swift in Sources */ = {isa = PBXBuildFile; fileRef = 3B54A927228651ED005F72B1 /* ReviewsController.swift */; };
		3B54A92A228654A0005F72B1 /* ReviewCell.swift in Sources */ = {isa = PBXBuildFile; fileRef = 3B54A929228654A0005F72B1 /* ReviewCell.swift */; };
		3BA1E444227273CC002CEA3A /* AppDelegate.swift in Sources */ = {isa = PBXBuildFile; fileRef = 3BA1E443227273CC002CEA3A /* AppDelegate.swift */; };
		3BA1E446227273CC002CEA3A /* ViewController.swift in Sources */ = {isa = PBXBuildFile; fileRef = 3BA1E445227273CC002CEA3A /* ViewController.swift */; };
		3BA1E449227273CC002CEA3A /* Main.storyboard in Resources */ = {isa = PBXBuildFile; fileRef = 3BA1E447227273CC002CEA3A /* Main.storyboard */; };
		3BA1E44B227273CD002CEA3A /* Assets.xcassets in Resources */ = {isa = PBXBuildFile; fileRef = 3BA1E44A227273CD002CEA3A /* Assets.xcassets */; };
		3BA1E44E227273CD002CEA3A /* LaunchScreen.storyboard in Resources */ = {isa = PBXBuildFile; fileRef = 3BA1E44C227273CD002CEA3A /* LaunchScreen.storyboard */; };
		3BA1E45622727493002CEA3A /* BaseTapBarController.swift in Sources */ = {isa = PBXBuildFile; fileRef = 3BA1E45522727493002CEA3A /* BaseTapBarController.swift */; };
		3BA1E45922728BE3002CEA3A /* AppsSearchController.swift in Sources */ = {isa = PBXBuildFile; fileRef = 3BA1E45822728BE3002CEA3A /* AppsSearchController.swift */; };
		3BA1E45C22734336002CEA3A /* SearchResultCell.swift in Sources */ = {isa = PBXBuildFile; fileRef = 3BA1E45B22734336002CEA3A /* SearchResultCell.swift */; };
		3BA1E45F2273BBA1002CEA3A /* UIView+Layout.swift in Sources */ = {isa = PBXBuildFile; fileRef = 3BA1E45E2273BBA1002CEA3A /* UIView+Layout.swift */; };
		3BA1E4612273C1AF002CEA3A /* VerticalStackView.swift in Sources */ = {isa = PBXBuildFile; fileRef = 3BA1E4602273C1AF002CEA3A /* VerticalStackView.swift */; };
		3BA1E46422751DED002CEA3A /* SearchResult.swift in Sources */ = {isa = PBXBuildFile; fileRef = 3BA1E46322751DED002CEA3A /* SearchResult.swift */; };
		3BA1E467227522CC002CEA3A /* Service.swift in Sources */ = {isa = PBXBuildFile; fileRef = 3BA1E466227522CC002CEA3A /* Service.swift */; };
		3BB2BC8B227D021A001E0EF1 /* SocialApp.swift in Sources */ = {isa = PBXBuildFile; fileRef = 3BB2BC8A227D021A001E0EF1 /* SocialApp.swift */; };
		3BB2BEAF227F9E5B001E0EF1 /* HorizontalSnappingController.swift in Sources */ = {isa = PBXBuildFile; fileRef = 3BB2BEAE227F9E5B001E0EF1 /* HorizontalSnappingController.swift */; };
		3BB2BEB1227FA3BF001E0EF1 /* BetterSnappingLayout.swift in Sources */ = {isa = PBXBuildFile; fileRef = 3BB2BEB0227FA3BF001E0EF1 /* BetterSnappingLayout.swift */; };
		3BF12D9B2277AFCB0095F621 /* AppsPageController.swift in Sources */ = {isa = PBXBuildFile; fileRef = 3BF12D9A2277AFCA0095F621 /* AppsPageController.swift */; };
		3BF12D9D2277B0D50095F621 /* BaseListController.swift in Sources */ = {isa = PBXBuildFile; fileRef = 3BF12D9C2277B0D50095F621 /* BaseListController.swift */; };
		3BF12DA12277B3C50095F621 /* AppsGroupCell.swift in Sources */ = {isa = PBXBuildFile; fileRef = 3BF12DA02277B3C50095F621 /* AppsGroupCell.swift */; };
		3BF12DA32277B9970095F621 /* AppsHorizontalController.swift in Sources */ = {isa = PBXBuildFile; fileRef = 3BF12DA22277B9970095F621 /* AppsHorizontalController.swift */; };
		3BF12DA522790FC50095F621 /* AppRowCell.swift in Sources */ = {isa = PBXBuildFile; fileRef = 3BF12DA422790FC50095F621 /* AppRowCell.swift */; };
		3BF12DA7227910A20095F621 /* Extensions.swift in Sources */ = {isa = PBXBuildFile; fileRef = 3BF12DA6227910A20095F621 /* Extensions.swift */; };
		3BF12DA9227A73DB0095F621 /* AppsPageHeader.swift in Sources */ = {isa = PBXBuildFile; fileRef = 3BF12DA8227A73DB0095F621 /* AppsPageHeader.swift */; };
		3BF12DAB227A75BE0095F621 /* AppsHeaderHorizontalController.swift in Sources */ = {isa = PBXBuildFile; fileRef = 3BF12DAA227A75BE0095F621 /* AppsHeaderHorizontalController.swift */; };
		3BF12DAD227A78DC0095F621 /* AppsHeaderCell.swift in Sources */ = {isa = PBXBuildFile; fileRef = 3BF12DAC227A78DC0095F621 /* AppsHeaderCell.swift */; };
		3BF12DB2227BB1480095F621 /* AppGroup.swift in Sources */ = {isa = PBXBuildFile; fileRef = 3BF12DB1227BB1480095F621 /* AppGroup.swift */; };
		6A6B2A1F378FEE9D749DBA4E /* Pods_AppStoreJsonApis.framework in Frameworks */ = {isa = PBXBuildFile; fileRef = BD725CB7C206FA292143EBDF /* Pods_AppStoreJsonApis.framework */; };
/* End PBXBuildFile section */

/* Begin PBXFileReference section */
		1125C7F37DA85B766009720A /* Pods-AppStoreJsonApis.release.xcconfig */ = {isa = PBXFileReference; includeInIndex = 1; lastKnownFileType = text.xcconfig; name = "Pods-AppStoreJsonApis.release.xcconfig"; path = "Target Support Files/Pods-AppStoreJsonApis/Pods-AppStoreJsonApis.release.xcconfig"; sourceTree = "<group>"; };
		3B54A91C2280FDF1005F72B1 /* AppDetailController.swift */ = {isa = PBXFileReference; lastKnownFileType = sourcecode.swift; path = AppDetailController.swift; sourceTree = "<group>"; };
		3B54A91F22810431005F72B1 /* AppDetailCell.swift */ = {isa = PBXFileReference; lastKnownFileType = sourcecode.swift; path = AppDetailCell.swift; sourceTree = "<group>"; };
		3B54A9212284F451005F72B1 /* PreviewCell.swift */ = {isa = PBXFileReference; lastKnownFileType = sourcecode.swift; path = PreviewCell.swift; sourceTree = "<group>"; };
		3B54A9232284F728005F72B1 /* PreviewScreenshotsController.swift */ = {isa = PBXFileReference; lastKnownFileType = sourcecode.swift; path = PreviewScreenshotsController.swift; sourceTree = "<group>"; };
		3B54A92522864E6A005F72B1 /* ReviewRowCell.swift */ = {isa = PBXFileReference; lastKnownFileType = sourcecode.swift; path = ReviewRowCell.swift; sourceTree = "<group>"; };
		3B54A927228651ED005F72B1 /* ReviewsController.swift */ = {isa = PBXFileReference; lastKnownFileType = sourcecode.swift; path = ReviewsController.swift; sourceTree = "<group>"; };
		3B54A929228654A0005F72B1 /* ReviewCell.swift */ = {isa = PBXFileReference; lastKnownFileType = sourcecode.swift; path = ReviewCell.swift; sourceTree = "<group>"; };
		3BA1E440227273CC002CEA3A /* AppStoreJsonApis.app */ = {isa = PBXFileReference; explicitFileType = wrapper.application; includeInIndex = 0; path = AppStoreJsonApis.app; sourceTree = BUILT_PRODUCTS_DIR; };
		3BA1E443227273CC002CEA3A /* AppDelegate.swift */ = {isa = PBXFileReference; lastKnownFileType = sourcecode.swift; path = AppDelegate.swift; sourceTree = "<group>"; };
		3BA1E445227273CC002CEA3A /* ViewController.swift */ = {isa = PBXFileReference; lastKnownFileType = sourcecode.swift; path = ViewController.swift; sourceTree = "<group>"; };
		3BA1E448227273CC002CEA3A /* Base */ = {isa = PBXFileReference; lastKnownFileType = file.storyboard; name = Base; path = Base.lproj/Main.storyboard; sourceTree = "<group>"; };
		3BA1E44A227273CD002CEA3A /* Assets.xcassets */ = {isa = PBXFileReference; lastKnownFileType = folder.assetcatalog; path = Assets.xcassets; sourceTree = "<group>"; };
		3BA1E44D227273CD002CEA3A /* Base */ = {isa = PBXFileReference; lastKnownFileType = file.storyboard; name = Base; path = Base.lproj/LaunchScreen.storyboard; sourceTree = "<group>"; };
		3BA1E44F227273CD002CEA3A /* Info.plist */ = {isa = PBXFileReference; lastKnownFileType = text.plist.xml; path = Info.plist; sourceTree = "<group>"; };
		3BA1E45522727493002CEA3A /* BaseTapBarController.swift */ = {isa = PBXFileReference; lastKnownFileType = sourcecode.swift; path = BaseTapBarController.swift; sourceTree = "<group>"; };
		3BA1E45822728BE3002CEA3A /* AppsSearchController.swift */ = {isa = PBXFileReference; lastKnownFileType = sourcecode.swift; path = AppsSearchController.swift; sourceTree = "<group>"; };
		3BA1E45B22734336002CEA3A /* SearchResultCell.swift */ = {isa = PBXFileReference; lastKnownFileType = sourcecode.swift; path = SearchResultCell.swift; sourceTree = "<group>"; };
		3BA1E45E2273BBA1002CEA3A /* UIView+Layout.swift */ = {isa = PBXFileReference; fileEncoding = 4; lastKnownFileType = sourcecode.swift; path = "UIView+Layout.swift"; sourceTree = "<group>"; };
		3BA1E4602273C1AF002CEA3A /* VerticalStackView.swift */ = {isa = PBXFileReference; lastKnownFileType = sourcecode.swift; path = VerticalStackView.swift; sourceTree = "<group>"; };
		3BA1E46322751DED002CEA3A /* SearchResult.swift */ = {isa = PBXFileReference; lastKnownFileType = sourcecode.swift; path = SearchResult.swift; sourceTree = "<group>"; };
		3BA1E466227522CC002CEA3A /* Service.swift */ = {isa = PBXFileReference; lastKnownFileType = sourcecode.swift; path = Service.swift; sourceTree = "<group>"; };
		3BB2BC8A227D021A001E0EF1 /* SocialApp.swift */ = {isa = PBXFileReference; lastKnownFileType = sourcecode.swift; path = SocialApp.swift; sourceTree = "<group>"; };
		3BB2BEAE227F9E5B001E0EF1 /* HorizontalSnappingController.swift */ = {isa = PBXFileReference; lastKnownFileType = sourcecode.swift; path = HorizontalSnappingController.swift; sourceTree = "<group>"; };
		3BB2BEB0227FA3BF001E0EF1 /* BetterSnappingLayout.swift */ = {isa = PBXFileReference; lastKnownFileType = sourcecode.swift; path = BetterSnappingLayout.swift; sourceTree = "<group>"; };
		3BF12D9A2277AFCA0095F621 /* AppsPageController.swift */ = {isa = PBXFileReference; lastKnownFileType = sourcecode.swift; path = AppsPageController.swift; sourceTree = "<group>"; };
		3BF12D9C2277B0D50095F621 /* BaseListController.swift */ = {isa = PBXFileReference; lastKnownFileType = sourcecode.swift; path = BaseListController.swift; sourceTree = "<group>"; };
		3BF12DA02277B3C50095F621 /* AppsGroupCell.swift */ = {isa = PBXFileReference; lastKnownFileType = sourcecode.swift; path = AppsGroupCell.swift; sourceTree = "<group>"; };
		3BF12DA22277B9970095F621 /* AppsHorizontalController.swift */ = {isa = PBXFileReference; lastKnownFileType = sourcecode.swift; path = AppsHorizontalController.swift; sourceTree = "<group>"; };
		3BF12DA422790FC50095F621 /* AppRowCell.swift */ = {isa = PBXFileReference; lastKnownFileType = sourcecode.swift; path = AppRowCell.swift; sourceTree = "<group>"; };
		3BF12DA6227910A20095F621 /* Extensions.swift */ = {isa = PBXFileReference; lastKnownFileType = sourcecode.swift; path = Extensions.swift; sourceTree = "<group>"; };
		3BF12DA8227A73DB0095F621 /* AppsPageHeader.swift */ = {isa = PBXFileReference; lastKnownFileType = sourcecode.swift; path = AppsPageHeader.swift; sourceTree = "<group>"; };
		3BF12DAA227A75BE0095F621 /* AppsHeaderHorizontalController.swift */ = {isa = PBXFileReference; lastKnownFileType = sourcecode.swift; path = AppsHeaderHorizontalController.swift; sourceTree = "<group>"; };
		3BF12DAC227A78DC0095F621 /* AppsHeaderCell.swift */ = {isa = PBXFileReference; lastKnownFileType = sourcecode.swift; path = AppsHeaderCell.swift; sourceTree = "<group>"; };
		3BF12DB1227BB1480095F621 /* AppGroup.swift */ = {isa = PBXFileReference; lastKnownFileType = sourcecode.swift; path = AppGroup.swift; sourceTree = "<group>"; };
		BD725CB7C206FA292143EBDF /* Pods_AppStoreJsonApis.framework */ = {isa = PBXFileReference; explicitFileType = wrapper.framework; includeInIndex = 0; path = Pods_AppStoreJsonApis.framework; sourceTree = BUILT_PRODUCTS_DIR; };
		DF934E189004B83C43631C52 /* Pods-AppStoreJsonApis.debug.xcconfig */ = {isa = PBXFileReference; includeInIndex = 1; lastKnownFileType = text.xcconfig; name = "Pods-AppStoreJsonApis.debug.xcconfig"; path = "Target Support Files/Pods-AppStoreJsonApis/Pods-AppStoreJsonApis.debug.xcconfig"; sourceTree = "<group>"; };
/* End PBXFileReference section */

/* Begin PBXFrameworksBuildPhase section */
		3BA1E43D227273CC002CEA3A /* Frameworks */ = {
			isa = PBXFrameworksBuildPhase;
			buildActionMask = 2147483647;
			files = (
				6A6B2A1F378FEE9D749DBA4E /* Pods_AppStoreJsonApis.framework in Frameworks */,
			);
			runOnlyForDeploymentPostprocessing = 0;
		};
/* End PBXFrameworksBuildPhase section */

/* Begin PBXGroup section */
		129DCB5CBA41E99A74507585 /* Frameworks */ = {
			isa = PBXGroup;
			children = (
				BD725CB7C206FA292143EBDF /* Pods_AppStoreJsonApis.framework */,
			);
			name = Frameworks;
			sourceTree = "<group>";
		};
		3B54A91E22810415005F72B1 /* Details */ = {
			isa = PBXGroup;
			children = (
				3B54A91F22810431005F72B1 /* AppDetailCell.swift */,
				3B54A9212284F451005F72B1 /* PreviewCell.swift */,
				3B54A92522864E6A005F72B1 /* ReviewRowCell.swift */,
				3B54A929228654A0005F72B1 /* ReviewCell.swift */,
			);
			path = Details;
			sourceTree = "<group>";
		};
		3BA1E437227273CC002CEA3A = {
			isa = PBXGroup;
			children = (
				3BA1E442227273CC002CEA3A /* AppStoreJsonApis */,
				3BA1E441227273CC002CEA3A /* Products */,
				B3F2EA8721ADC62AC3CEE6A9 /* Pods */,
				129DCB5CBA41E99A74507585 /* Frameworks */,
			);
			sourceTree = "<group>";
		};
		3BA1E441227273CC002CEA3A /* Products */ = {
			isa = PBXGroup;
			children = (
				3BA1E440227273CC002CEA3A /* AppStoreJsonApis.app */,
			);
			name = Products;
			sourceTree = "<group>";
		};
		3BA1E442227273CC002CEA3A /* AppStoreJsonApis */ = {
			isa = PBXGroup;
			children = (
				3BA1E465227522BB002CEA3A /* Service */,
				3BA1E46222751DDA002CEA3A /* Model */,
				3BA1E45D2273BB79002CEA3A /* Helpers */,
				3BA1E45A2273431E002CEA3A /* View */,
				3BA1E45722728B75002CEA3A /* Controller */,
				3BA1E443227273CC002CEA3A /* AppDelegate.swift */,
				3BA1E445227273CC002CEA3A /* ViewController.swift */,
				3BA1E447227273CC002CEA3A /* Main.storyboard */,
				3BA1E44A227273CD002CEA3A /* Assets.xcassets */,
				3BA1E44C227273CD002CEA3A /* LaunchScreen.storyboard */,
				3BA1E44F227273CD002CEA3A /* Info.plist */,
			);
			path = AppStoreJsonApis;
			sourceTree = "<group>";
		};
		3BA1E45722728B75002CEA3A /* Controller */ = {
			isa = PBXGroup;
			children = (
				3BF12D9E2277B19E0095F621 /* Search */,
				3BF12D992277AF780095F621 /* Apps */,
				3BA1E45522727493002CEA3A /* BaseTapBarController.swift */,
				3BF12D9C2277B0D50095F621 /* BaseListController.swift */,
				3BB2BEAE227F9E5B001E0EF1 /* HorizontalSnappingController.swift */,
			);
			path = Controller;
			sourceTree = "<group>";
		};
		3BA1E45A2273431E002CEA3A /* View */ = {
			isa = PBXGroup;
			children = (
				3BF12D9F2277B3A60095F621 /* Apps */,
				3BF12DB0227A7E0B0095F621 /* Search */,
				3BA1E4602273C1AF002CEA3A /* VerticalStackView.swift */,
			);
			path = View;
			sourceTree = "<group>";
		};
		3BA1E45D2273BB79002CEA3A /* Helpers */ = {
			isa = PBXGroup;
			children = (
				3BA1E45E2273BBA1002CEA3A /* UIView+Layout.swift */,
				3BF12DA6227910A20095F621 /* Extensions.swift */,
				3BB2BEB0227FA3BF001E0EF1 /* BetterSnappingLayout.swift */,
			);
			path = Helpers;
			sourceTree = "<group>";
		};
		3BA1E46222751DDA002CEA3A /* Model */ = {
			isa = PBXGroup;
			children = (
				3BA1E46322751DED002CEA3A /* SearchResult.swift */,
				3BF12DB1227BB1480095F621 /* AppGroup.swift */,
				3BB2BC8A227D021A001E0EF1 /* SocialApp.swift */,
			);
			name = Model;
			sourceTree = "<group>";
		};
		3BA1E465227522BB002CEA3A /* Service */ = {
			isa = PBXGroup;
			children = (
				3BA1E466227522CC002CEA3A /* Service.swift */,
			);
			path = Service;
			sourceTree = "<group>";
		};
		3BB2BEB22280FD94001E0EF1 /* Details */ = {
			isa = PBXGroup;
			children = (
				3B54A91C2280FDF1005F72B1 /* AppDetailController.swift */,
				3B54A9232284F728005F72B1 /* PreviewScreenshotsController.swift */,
				3B54A927228651ED005F72B1 /* ReviewsController.swift */,
			);
			path = Details;
			sourceTree = "<group>";
		};
		3BF12D992277AF780095F621 /* Apps */ = {
			isa = PBXGroup;
			children = (
				3BB2BEB22280FD94001E0EF1 /* Details */,
				3BF12D9A2277AFCA0095F621 /* AppsPageController.swift */,
				3BF12DA22277B9970095F621 /* AppsHorizontalController.swift */,
				3BF12DAA227A75BE0095F621 /* AppsHeaderHorizontalController.swift */,
			);
			path = Apps;
			sourceTree = "<group>";
		};
		3BF12D9E2277B19E0095F621 /* Search */ = {
			isa = PBXGroup;
			children = (
				3BA1E45822728BE3002CEA3A /* AppsSearchController.swift */,
			);
			path = Search;
			sourceTree = "<group>";
		};
		3BF12D9F2277B3A60095F621 /* Apps */ = {
			isa = PBXGroup;
			children = (
				3B54A91E22810415005F72B1 /* Details */,
				3BF12DA02277B3C50095F621 /* AppsGroupCell.swift */,
				3BF12DA422790FC50095F621 /* AppRowCell.swift */,
				3BF12DA8227A73DB0095F621 /* AppsPageHeader.swift */,
				3BF12DAC227A78DC0095F621 /* AppsHeaderCell.swift */,
			);
			path = Apps;
			sourceTree = "<group>";
		};
		3BF12DB0227A7E0B0095F621 /* Search */ = {
			isa = PBXGroup;
			children = (
				3BA1E45B22734336002CEA3A /* SearchResultCell.swift */,
			);
			path = Search;
			sourceTree = "<group>";
		};
		B3F2EA8721ADC62AC3CEE6A9 /* Pods */ = {
			isa = PBXGroup;
			children = (
				DF934E189004B83C43631C52 /* Pods-AppStoreJsonApis.debug.xcconfig */,
				1125C7F37DA85B766009720A /* Pods-AppStoreJsonApis.release.xcconfig */,
			);
			path = Pods;
			sourceTree = "<group>";
		};
/* End PBXGroup section */

/* Begin PBXNativeTarget section */
		3BA1E43F227273CC002CEA3A /* AppStoreJsonApis */ = {
			isa = PBXNativeTarget;
			buildConfigurationList = 3BA1E452227273CD002CEA3A /* Build configuration list for PBXNativeTarget "AppStoreJsonApis" */;
			buildPhases = (
				FF231AF853CDB30DDF051E5B /* [CP] Check Pods Manifest.lock */,
				3BA1E43C227273CC002CEA3A /* Sources */,
				3BA1E43D227273CC002CEA3A /* Frameworks */,
				3BA1E43E227273CC002CEA3A /* Resources */,
				1810715393D4506A1B57A931 /* [CP] Embed Pods Frameworks */,
			);
			buildRules = (
			);
			dependencies = (
			);
			name = AppStoreJsonApis;
			productName = AppStoreJsonApis;
			productReference = 3BA1E440227273CC002CEA3A /* AppStoreJsonApis.app */;
			productType = "com.apple.product-type.application";
		};
/* End PBXNativeTarget section */

/* Begin PBXProject section */
		3BA1E438227273CC002CEA3A /* Project object */ = {
			isa = PBXProject;
			attributes = {
				LastSwiftUpdateCheck = 1020;
				LastUpgradeCheck = 1020;
				ORGANIZATIONNAME = "Jack Sp@rroW";
				TargetAttributes = {
					3BA1E43F227273CC002CEA3A = {
						CreatedOnToolsVersion = 10.2.1;
					};
				};
			};
			buildConfigurationList = 3BA1E43B227273CC002CEA3A /* Build configuration list for PBXProject "AppStoreJsonApis" */;
			compatibilityVersion = "Xcode 9.3";
			developmentRegion = en;
			hasScannedForEncodings = 0;
			knownRegions = (
				en,
				Base,
			);
			mainGroup = 3BA1E437227273CC002CEA3A;
			productRefGroup = 3BA1E441227273CC002CEA3A /* Products */;
			projectDirPath = "";
			projectRoot = "";
			targets = (
				3BA1E43F227273CC002CEA3A /* AppStoreJsonApis */,
			);
		};
/* End PBXProject section */

/* Begin PBXResourcesBuildPhase section */
		3BA1E43E227273CC002CEA3A /* Resources */ = {
			isa = PBXResourcesBuildPhase;
			buildActionMask = 2147483647;
			files = (
				3BA1E44E227273CD002CEA3A /* LaunchScreen.storyboard in Resources */,
				3BA1E44B227273CD002CEA3A /* Assets.xcassets in Resources */,
				3BA1E449227273CC002CEA3A /* Main.storyboard in Resources */,
			);
			runOnlyForDeploymentPostprocessing = 0;
		};
/* End PBXResourcesBuildPhase section */

/* Begin PBXShellScriptBuildPhase section */
		1810715393D4506A1B57A931 /* [CP] Embed Pods Frameworks */ = {
			isa = PBXShellScriptBuildPhase;
			buildActionMask = 2147483647;
			files = (
			);
			inputFileListPaths = (
			);
			inputPaths = (
				"${PODS_ROOT}/Target Support Files/Pods-AppStoreJsonApis/Pods-AppStoreJsonApis-frameworks.sh",
				"${BUILT_PRODUCTS_DIR}/SDWebImage/SDWebImage.framework",
			);
			name = "[CP] Embed Pods Frameworks";
			outputFileListPaths = (
			);
			outputPaths = (
				"${TARGET_BUILD_DIR}/${FRAMEWORKS_FOLDER_PATH}/SDWebImage.framework",
			);
			runOnlyForDeploymentPostprocessing = 0;
			shellPath = /bin/sh;
			shellScript = "\"${PODS_ROOT}/Target Support Files/Pods-AppStoreJsonApis/Pods-AppStoreJsonApis-frameworks.sh\"\n";
			showEnvVarsInLog = 0;
		};
		FF231AF853CDB30DDF051E5B /* [CP] Check Pods Manifest.lock */ = {
			isa = PBXShellScriptBuildPhase;
			buildActionMask = 2147483647;
			files = (
			);
			inputFileListPaths = (
			);
			inputPaths = (
				"${PODS_PODFILE_DIR_PATH}/Podfile.lock",
				"${PODS_ROOT}/Manifest.lock",
			);
			name = "[CP] Check Pods Manifest.lock";
			outputFileListPaths = (
			);
			outputPaths = (
				"$(DERIVED_FILE_DIR)/Pods-AppStoreJsonApis-checkManifestLockResult.txt",
			);
			runOnlyForDeploymentPostprocessing = 0;
			shellPath = /bin/sh;
			shellScript = "diff \"${PODS_PODFILE_DIR_PATH}/Podfile.lock\" \"${PODS_ROOT}/Manifest.lock\" > /dev/null\nif [ $? != 0 ] ; then\n    # print error to STDERR\n    echo \"error: The sandbox is not in sync with the Podfile.lock. Run 'pod install' or update your CocoaPods installation.\" >&2\n    exit 1\nfi\n# This output is used by Xcode 'outputs' to avoid re-running this script phase.\necho \"SUCCESS\" > \"${SCRIPT_OUTPUT_FILE_0}\"\n";
			showEnvVarsInLog = 0;
		};
/* End PBXShellScriptBuildPhase section */

/* Begin PBXSourcesBuildPhase section */
		3BA1E43C227273CC002CEA3A /* Sources */ = {
			isa = PBXSourcesBuildPhase;
			buildActionMask = 2147483647;
			files = (
				3BA1E446227273CC002CEA3A /* ViewController.swift in Sources */,
				3BB2BEB1227FA3BF001E0EF1 /* BetterSnappingLayout.swift in Sources */,
				3BA1E444227273CC002CEA3A /* AppDelegate.swift in Sources */,
				3B54A92A228654A0005F72B1 /* ReviewCell.swift in Sources */,
				3BB2BC8B227D021A001E0EF1 /* SocialApp.swift in Sources */,
				3BA1E46422751DED002CEA3A /* SearchResult.swift in Sources */,
				3BF12DB2227BB1480095F621 /* AppGroup.swift in Sources */,
				3BF12D9B2277AFCB0095F621 /* AppsPageController.swift in Sources */,
				3BF12DAD227A78DC0095F621 /* AppsHeaderCell.swift in Sources */,
				3BA1E45622727493002CEA3A /* BaseTapBarController.swift in Sources */,
				3B54A92622864E6A005F72B1 /* ReviewRowCell.swift in Sources */,
				3BF12D9D2277B0D50095F621 /* BaseListController.swift in Sources */,
				3B54A92022810431005F72B1 /* AppDetailCell.swift in Sources */,
				3BF12DA522790FC50095F621 /* AppRowCell.swift in Sources */,
				3B54A9242284F728005F72B1 /* PreviewScreenshotsController.swift in Sources */,
				3BA1E45922728BE3002CEA3A /* AppsSearchController.swift in Sources */,
				3BF12DA12277B3C50095F621 /* AppsGroupCell.swift in Sources */,
				3BF12DA9227A73DB0095F621 /* AppsPageHeader.swift in Sources */,
				3BA1E467227522CC002CEA3A /* Service.swift in Sources */,
				3B54A9222284F451005F72B1 /* PreviewCell.swift in Sources */,
				3B54A928228651ED005F72B1 /* ReviewsController.swift in Sources */,
				3BF12DA7227910A20095F621 /* Extensions.swift in Sources */,
				3BA1E45F2273BBA1002CEA3A /* UIView+Layout.swift in Sources */,
				3BA1E45C22734336002CEA3A /* SearchResultCell.swift in Sources */,
				3B54A91D2280FDF1005F72B1 /* AppDetailController.swift in Sources */,
				3BB2BEAF227F9E5B001E0EF1 /* HorizontalSnappingController.swift in Sources */,
				3BF12DA32277B9970095F621 /* AppsHorizontalController.swift in Sources */,
				3BA1E4612273C1AF002CEA3A /* VerticalStackView.swift in Sources */,
				3BF12DAB227A75BE0095F621 /* AppsHeaderHorizontalController.swift in Sources */,
			);
			runOnlyForDeploymentPostprocessing = 0;
		};
/* End PBXSourcesBuildPhase section */

/* Begin PBXVariantGroup section */
		3BA1E447227273CC002CEA3A /* Main.storyboard */ = {
			isa = PBXVariantGroup;
			children = (
				3BA1E448227273CC002CEA3A /* Base */,
			);
			name = Main.storyboard;
			sourceTree = "<group>";
		};
		3BA1E44C227273CD002CEA3A /* LaunchScreen.storyboard */ = {
			isa = PBXVariantGroup;
			children = (
				3BA1E44D227273CD002CEA3A /* Base */,
			);
			name = LaunchScreen.storyboard;
			sourceTree = "<group>";
		};
/* End PBXVariantGroup section */

/* Begin XCBuildConfiguration section */
		3BA1E450227273CD002CEA3A /* Debug */ = {
			isa = XCBuildConfiguration;
			buildSettings = {
				ALWAYS_SEARCH_USER_PATHS = NO;
				CLANG_ANALYZER_NONNULL = YES;
				CLANG_ANALYZER_NUMBER_OBJECT_CONVERSION = YES_AGGRESSIVE;
				CLANG_CXX_LANGUAGE_STANDARD = "gnu++14";
				CLANG_CXX_LIBRARY = "libc++";
				CLANG_ENABLE_MODULES = YES;
				CLANG_ENABLE_OBJC_ARC = YES;
				CLANG_ENABLE_OBJC_WEAK = YES;
				CLANG_WARN_BLOCK_CAPTURE_AUTORELEASING = YES;
				CLANG_WARN_BOOL_CONVERSION = YES;
				CLANG_WARN_COMMA = YES;
				CLANG_WARN_CONSTANT_CONVERSION = YES;
				CLANG_WARN_DEPRECATED_OBJC_IMPLEMENTATIONS = YES;
				CLANG_WARN_DIRECT_OBJC_ISA_USAGE = YES_ERROR;
				CLANG_WARN_DOCUMENTATION_COMMENTS = YES;
				CLANG_WARN_EMPTY_BODY = YES;
				CLANG_WARN_ENUM_CONVERSION = YES;
				CLANG_WARN_INFINITE_RECURSION = YES;
				CLANG_WARN_INT_CONVERSION = YES;
				CLANG_WARN_NON_LITERAL_NULL_CONVERSION = YES;
				CLANG_WARN_OBJC_IMPLICIT_RETAIN_SELF = YES;
				CLANG_WARN_OBJC_LITERAL_CONVERSION = YES;
				CLANG_WARN_OBJC_ROOT_CLASS = YES_ERROR;
				CLANG_WARN_RANGE_LOOP_ANALYSIS = YES;
				CLANG_WARN_STRICT_PROTOTYPES = YES;
				CLANG_WARN_SUSPICIOUS_MOVE = YES;
				CLANG_WARN_UNGUARDED_AVAILABILITY = YES_AGGRESSIVE;
				CLANG_WARN_UNREACHABLE_CODE = YES;
				CLANG_WARN__DUPLICATE_METHOD_MATCH = YES;
				CODE_SIGN_IDENTITY = "iPhone Developer";
				COPY_PHASE_STRIP = NO;
				DEBUG_INFORMATION_FORMAT = dwarf;
				ENABLE_STRICT_OBJC_MSGSEND = YES;
				ENABLE_TESTABILITY = YES;
				GCC_C_LANGUAGE_STANDARD = gnu11;
				GCC_DYNAMIC_NO_PIC = NO;
				GCC_NO_COMMON_BLOCKS = YES;
				GCC_OPTIMIZATION_LEVEL = 0;
				GCC_PREPROCESSOR_DEFINITIONS = (
					"DEBUG=1",
					"$(inherited)",
				);
				GCC_WARN_64_TO_32_BIT_CONVERSION = YES;
				GCC_WARN_ABOUT_RETURN_TYPE = YES_ERROR;
				GCC_WARN_UNDECLARED_SELECTOR = YES;
				GCC_WARN_UNINITIALIZED_AUTOS = YES_AGGRESSIVE;
				GCC_WARN_UNUSED_FUNCTION = YES;
				GCC_WARN_UNUSED_VARIABLE = YES;
				IPHONEOS_DEPLOYMENT_TARGET = 12.2;
				MTL_ENABLE_DEBUG_INFO = INCLUDE_SOURCE;
				MTL_FAST_MATH = YES;
				ONLY_ACTIVE_ARCH = YES;
				SDKROOT = iphoneos;
				SWIFT_ACTIVE_COMPILATION_CONDITIONS = DEBUG;
				SWIFT_OPTIMIZATION_LEVEL = "-Onone";
			};
			name = Debug;
		};
		3BA1E451227273CD002CEA3A /* Release */ = {
			isa = XCBuildConfiguration;
			buildSettings = {
				ALWAYS_SEARCH_USER_PATHS = NO;
				CLANG_ANALYZER_NONNULL = YES;
				CLANG_ANALYZER_NUMBER_OBJECT_CONVERSION = YES_AGGRESSIVE;
				CLANG_CXX_LANGUAGE_STANDARD = "gnu++14";
				CLANG_CXX_LIBRARY = "libc++";
				CLANG_ENABLE_MODULES = YES;
				CLANG_ENABLE_OBJC_ARC = YES;
				CLANG_ENABLE_OBJC_WEAK = YES;
				CLANG_WARN_BLOCK_CAPTURE_AUTORELEASING = YES;
				CLANG_WARN_BOOL_CONVERSION = YES;
				CLANG_WARN_COMMA = YES;
				CLANG_WARN_CONSTANT_CONVERSION = YES;
				CLANG_WARN_DEPRECATED_OBJC_IMPLEMENTATIONS = YES;
				CLANG_WARN_DIRECT_OBJC_ISA_USAGE = YES_ERROR;
				CLANG_WARN_DOCUMENTATION_COMMENTS = YES;
				CLANG_WARN_EMPTY_BODY = YES;
				CLANG_WARN_ENUM_CONVERSION = YES;
				CLANG_WARN_INFINITE_RECURSION = YES;
				CLANG_WARN_INT_CONVERSION = YES;
				CLANG_WARN_NON_LITERAL_NULL_CONVERSION = YES;
				CLANG_WARN_OBJC_IMPLICIT_RETAIN_SELF = YES;
				CLANG_WARN_OBJC_LITERAL_CONVERSION = YES;
				CLANG_WARN_OBJC_ROOT_CLASS = YES_ERROR;
				CLANG_WARN_RANGE_LOOP_ANALYSIS = YES;
				CLANG_WARN_STRICT_PROTOTYPES = YES;
				CLANG_WARN_SUSPICIOUS_MOVE = YES;
				CLANG_WARN_UNGUARDED_AVAILABILITY = YES_AGGRESSIVE;
				CLANG_WARN_UNREACHABLE_CODE = YES;
				CLANG_WARN__DUPLICATE_METHOD_MATCH = YES;
				CODE_SIGN_IDENTITY = "iPhone Developer";
				COPY_PHASE_STRIP = NO;
				DEBUG_INFORMATION_FORMAT = "dwarf-with-dsym";
				ENABLE_NS_ASSERTIONS = NO;
				ENABLE_STRICT_OBJC_MSGSEND = YES;
				GCC_C_LANGUAGE_STANDARD = gnu11;
				GCC_NO_COMMON_BLOCKS = YES;
				GCC_WARN_64_TO_32_BIT_CONVERSION = YES;
				GCC_WARN_ABOUT_RETURN_TYPE = YES_ERROR;
				GCC_WARN_UNDECLARED_SELECTOR = YES;
				GCC_WARN_UNINITIALIZED_AUTOS = YES_AGGRESSIVE;
				GCC_WARN_UNUSED_FUNCTION = YES;
				GCC_WARN_UNUSED_VARIABLE = YES;
				IPHONEOS_DEPLOYMENT_TARGET = 12.2;
				MTL_ENABLE_DEBUG_INFO = NO;
				MTL_FAST_MATH = YES;
				SDKROOT = iphoneos;
				SWIFT_COMPILATION_MODE = wholemodule;
				SWIFT_OPTIMIZATION_LEVEL = "-O";
				VALIDATE_PRODUCT = YES;
			};
			name = Release;
		};
		3BA1E453227273CD002CEA3A /* Debug */ = {
			isa = XCBuildConfiguration;
			baseConfigurationReference = DF934E189004B83C43631C52 /* Pods-AppStoreJsonApis.debug.xcconfig */;
			buildSettings = {
				ASSETCATALOG_COMPILER_APPICON_NAME = AppIcon;
				CODE_SIGN_STYLE = Automatic;
				DEVELOPMENT_TEAM = 7A2MDG26ZT;
				INFOPLIST_FILE = AppStoreJsonApis/Info.plist;
				LD_RUNPATH_SEARCH_PATHS = (
					"$(inherited)",
					"@executable_path/Frameworks",
				);
				PRODUCT_BUNDLE_IDENTIFIER = com.stepanet.AppStoreJsonApis;
				PRODUCT_NAME = "$(TARGET_NAME)";
				SWIFT_VERSION = 4.2;
				TARGETED_DEVICE_FAMILY = "1,2";
			};
			name = Debug;
		};
		3BA1E454227273CD002CEA3A /* Release */ = {
			isa = XCBuildConfiguration;
			baseConfigurationReference = 1125C7F37DA85B766009720A /* Pods-AppStoreJsonApis.release.xcconfig */;
			buildSettings = {
				ASSETCATALOG_COMPILER_APPICON_NAME = AppIcon;
				CODE_SIGN_STYLE = Automatic;
				DEVELOPMENT_TEAM = 7A2MDG26ZT;
				INFOPLIST_FILE = AppStoreJsonApis/Info.plist;
				LD_RUNPATH_SEARCH_PATHS = (
					"$(inherited)",
					"@executable_path/Frameworks",
				);
				PRODUCT_BUNDLE_IDENTIFIER = com.stepanet.AppStoreJsonApis;
				PRODUCT_NAME = "$(TARGET_NAME)";
				SWIFT_VERSION = 4.2;
				TARGETED_DEVICE_FAMILY = "1,2";
			};
			name = Release;
		};
/* End XCBuildConfiguration section */

/* Begin XCConfigurationList section */
		3BA1E43B227273CC002CEA3A /* Build configuration list for PBXProject "AppStoreJsonApis" */ = {
			isa = XCConfigurationList;
			buildConfigurations = (
				3BA1E450227273CD002CEA3A /* Debug */,
				3BA1E451227273CD002CEA3A /* Release */,
			);
			defaultConfigurationIsVisible = 0;
			defaultConfigurationName = Release;
		};
		3BA1E452227273CD002CEA3A /* Build configuration list for PBXNativeTarget "AppStoreJsonApis" */ = {
			isa = XCConfigurationList;
			buildConfigurations = (
				3BA1E453227273CD002CEA3A /* Debug */,
				3BA1E454227273CD002CEA3A /* Release */,
			);
			defaultConfigurationIsVisible = 0;
			defaultConfigurationName = Release;
		};
/* End XCConfigurationList section */
	};
	rootObject = 3BA1E438227273CC002CEA3A /* Project object */;
}
